{
  "version": 4,
  "terraform_version": "1.5.4",
  "serial": 56,
  "lineage": "b1fb26b0-72c6-3051-e290-a9f5091fa447",
  "outputs": {},
  "resources": [
    {
      "mode": "managed",
      "type": "azurerm_data_factory",
      "name": "df",
      "provider": "provider[\"registry.terraform.io/hashicorp/azurerm\"]",
      "instances": [
        {
          "schema_version": 2,
          "attributes": {
            "customer_managed_key_id": "",
            "customer_managed_key_identity_id": "",
            "github_configuration": [],
            "global_parameter": [],
            "id": "/subscriptions/91bf0e9f-04d0-479e-9e0d-9cddc29c7d17/resourceGroups/resource_group_tokio_olympics/providers/Microsoft.DataFactory/factories/tokio-olympic-lab",
            "identity": [],
            "location": "westeurope",
            "managed_virtual_network_enabled": false,
            "name": "tokio-olympic-lab",
            "public_network_enabled": true,
            "resource_group_name": "resource_group_tokio_olympics",
            "tags": {},
            "timeouts": null,
            "vsts_configuration": []
          },
          "sensitive_attributes": [],
          "private": "eyJlMmJmYjczMC1lY2FhLTExZTYtOGY4OC0zNDM2M2JjN2M0YzAiOnsiY3JlYXRlIjoxODAwMDAwMDAwMDAwLCJkZWxldGUiOjE4MDAwMDAwMDAwMDAsInJlYWQiOjMwMDAwMDAwMDAwMCwidXBkYXRlIjoxODAwMDAwMDAwMDAwfSwic2NoZW1hX3ZlcnNpb24iOiIyIn0=",
          "dependencies": [
            "azurerm_resource_group.rg"
          ]
        }
      ]
    },
    {
      "mode": "managed",
      "type": "azurerm_data_factory_pipeline",
      "name": "dfp",
      "provider": "provider[\"registry.terraform.io/hashicorp/azurerm\"]",
      "instances": [
        {
          "schema_version": 0,
          "attributes": {
            "activities_json": null,
            "annotations": [],
            "concurrency": 0,
            "data_factory_id": "/subscriptions/91bf0e9f-04d0-479e-9e0d-9cddc29c7d17/resourceGroups/resource_group_tokio_olympics/providers/Microsoft.DataFactory/factories/tokio-olympic-lab",
            "description": "",
            "folder": null,
            "id": "/subscriptions/91bf0e9f-04d0-479e-9e0d-9cddc29c7d17/resourceGroups/resource_group_tokio_olympics/providers/Microsoft.DataFactory/factories/tokio-olympic-lab/pipelines/data_ingestion",
            "moniter_metrics_after_duration": "",
            "name": "data_ingestion",
            "parameters": {},
            "timeouts": null,
            "variables": {}
          },
          "sensitive_attributes": [],
          "private": "eyJlMmJmYjczMC1lY2FhLTExZTYtOGY4OC0zNDM2M2JjN2M0YzAiOnsiY3JlYXRlIjoxODAwMDAwMDAwMDAwLCJkZWxldGUiOjE4MDAwMDAwMDAwMDAsInJlYWQiOjMwMDAwMDAwMDAwMCwidXBkYXRlIjoxODAwMDAwMDAwMDAwfX0=",
          "dependencies": [
            "azurerm_data_factory.df",
            "azurerm_resource_group.rg"
          ]
        }
      ]
    },
    {
      "mode": "managed",
      "type": "azurerm_databricks_workspace",
      "name": "db",
      "provider": "provider[\"registry.terraform.io/hashicorp/azurerm\"]",
      "instances": [
        {
          "schema_version": 0,
          "attributes": {
            "custom_parameters": [
              {
                "machine_learning_workspace_id": "",
                "nat_gateway_name": "nat-gateway",
                "no_public_ip": false,
                "private_subnet_name": "",
                "private_subnet_network_security_group_association_id": "",
                "public_ip_name": "nat-gw-public-ip",
                "public_subnet_name": "",
                "public_subnet_network_security_group_association_id": "",
                "storage_account_name": "dbstoragesjx7eawhpfbpe",
                "storage_account_sku_name": "Standard_GRS",
                "virtual_network_id": "",
                "vnet_address_prefix": "10.139"
              }
            ],
            "customer_managed_key_enabled": false,
            "id": "/subscriptions/91bf0e9f-04d0-479e-9e0d-9cddc29c7d17/resourceGroups/resource_group_tokio_olympics/providers/Microsoft.Databricks/workspaces/tokio-db-databricks",
            "infrastructure_encryption_enabled": false,
            "load_balancer_backend_address_pool_id": "",
            "location": "westeurope",
            "managed_resource_group_id": "/subscriptions/91bf0e9f-04d0-479e-9e0d-9cddc29c7d17/resourceGroups/databricks-rg-resource_group_tokio_olympics",
            "managed_resource_group_name": "databricks-rg-resource_group_tokio_olympics",
            "managed_services_cmk_key_vault_key_id": null,
            "name": "tokio-db-databricks",
            "network_security_group_rules_required": null,
            "public_network_access_enabled": true,
            "resource_group_name": "resource_group_tokio_olympics",
            "sku": "premium",
            "storage_account_identity": [],
            "tags": {
              "environment": "dev",
              "source": "Terraform"
            },
            "timeouts": null,
            "workspace_id": "6601468079620803",
            "workspace_url": "adb-6601468079620803.3.azuredatabricks.net"
          },
          "sensitive_attributes": [],
          "private": "eyJlMmJmYjczMC1lY2FhLTExZTYtOGY4OC0zNDM2M2JjN2M0YzAiOnsiY3JlYXRlIjoxODAwMDAwMDAwMDAwLCJkZWxldGUiOjE4MDAwMDAwMDAwMDAsInJlYWQiOjMwMDAwMDAwMDAwMCwidXBkYXRlIjoxODAwMDAwMDAwMDAwfX0=",
          "dependencies": [
            "azurerm_resource_group.rg"
          ]
        }
      ]
    },
    {
      "mode": "managed",
      "type": "azurerm_resource_group",
      "name": "rg",
      "provider": "provider[\"registry.terraform.io/hashicorp/azurerm\"]",
      "instances": [
        {
          "schema_version": 0,
          "attributes": {
            "id": "/subscriptions/91bf0e9f-04d0-479e-9e0d-9cddc29c7d17/resourceGroups/resource_group_tokio_olympics",
            "location": "westeurope",
            "name": "resource_group_tokio_olympics",
            "tags": {
              "enviroment": "dev",
              "source": "Terraform"
            },
            "timeouts": null
          },
          "sensitive_attributes": [],
          "private": "eyJlMmJmYjczMC1lY2FhLTExZTYtOGY4OC0zNDM2M2JjN2M0YzAiOnsiY3JlYXRlIjo1NDAwMDAwMDAwMDAwLCJkZWxldGUiOjU0MDAwMDAwMDAwMDAsInJlYWQiOjMwMDAwMDAwMDAwMCwidXBkYXRlIjo1NDAwMDAwMDAwMDAwfX0="
        }
      ]
    },
    {
      "mode": "managed",
      "type": "azurerm_storage_account",
      "name": "sa",
      "provider": "provider[\"registry.terraform.io/hashicorp/azurerm\"]",
      "instances": [
        {
          "schema_version": 3,
          "attributes": {
            "access_tier": "Hot",
            "account_kind": "StorageV2",
            "account_replication_type": "LRS",
            "account_tier": "Standard",
            "allow_nested_items_to_be_public": true,
            "azure_files_authentication": [],
            "blob_properties": [
              {
                "change_feed_enabled": false,
                "container_delete_retention_policy": [],
                "cors_rule": [],
                "default_service_version": "",
                "delete_retention_policy": [],
                "last_access_time_enabled": false,
                "versioning_enabled": false
              }
            ],
            "custom_domain": [],
            "customer_managed_key": [],
            "edge_zone": "",
            "enable_https_traffic_only": true,
            "id": "/subscriptions/91bf0e9f-04d0-479e-9e0d-9cddc29c7d17/resourceGroups/resource_group_tokio_olympics/providers/Microsoft.Storage/storageAccounts/tokioolympicsdatalab",
            "identity": [],
            "infrastructure_encryption_enabled": false,
            "is_hns_enabled": true,
            "large_file_share_enabled": null,
            "location": "westeurope",
            "min_tls_version": "TLS1_2",
            "name": "tokioolympicsdatalab",
            "network_rules": [
              {
                "bypass": [
                  "AzureServices"
                ],
                "default_action": "Allow",
                "ip_rules": [],
                "private_link_access": [],
                "virtual_network_subnet_ids": []
              }
            ],
            "nfsv3_enabled": false,
            "primary_access_key": "75Q+w7GESt4UnhZuwWRhI1cQ8SmCsuJhGxHEKyNpam6fZW8aFUeajiryvyQdPcgMmvs0Nhzi22GU+AStvJqzwg==",
            "primary_blob_connection_string": "DefaultEndpointsProtocol=https;BlobEndpoint=https://tokioolympicsdatalab.blob.core.windows.net/;AccountName=tokioolympicsdatalab;AccountKey=75Q+w7GESt4UnhZuwWRhI1cQ8SmCsuJhGxHEKyNpam6fZW8aFUeajiryvyQdPcgMmvs0Nhzi22GU+AStvJqzwg==",
            "primary_blob_endpoint": "https://tokioolympicsdatalab.blob.core.windows.net/",
            "primary_blob_host": "tokioolympicsdatalab.blob.core.windows.net",
            "primary_connection_string": "DefaultEndpointsProtocol=https;AccountName=tokioolympicsdatalab;AccountKey=75Q+w7GESt4UnhZuwWRhI1cQ8SmCsuJhGxHEKyNpam6fZW8aFUeajiryvyQdPcgMmvs0Nhzi22GU+AStvJqzwg==;EndpointSuffix=core.windows.net",
            "primary_dfs_endpoint": "https://tokioolympicsdatalab.dfs.core.windows.net/",
            "primary_dfs_host": "tokioolympicsdatalab.dfs.core.windows.net",
            "primary_file_endpoint": "https://tokioolympicsdatalab.file.core.windows.net/",
            "primary_file_host": "tokioolympicsdatalab.file.core.windows.net",
            "primary_location": "westeurope",
            "primary_queue_endpoint": "https://tokioolympicsdatalab.queue.core.windows.net/",
            "primary_queue_host": "tokioolympicsdatalab.queue.core.windows.net",
            "primary_table_endpoint": "https://tokioolympicsdatalab.table.core.windows.net/",
            "primary_table_host": "tokioolympicsdatalab.table.core.windows.net",
            "primary_web_endpoint": "https://tokioolympicsdatalab.z6.web.core.windows.net/",
            "primary_web_host": "tokioolympicsdatalab.z6.web.core.windows.net",
            "queue_encryption_key_type": "Service",
            "queue_properties": [
              {
                "cors_rule": [],
                "hour_metrics": [
                  {
                    "enabled": true,
                    "include_apis": true,
                    "retention_policy_days": 7,
                    "version": "1.0"
                  }
                ],
                "logging": [
                  {
                    "delete": false,
                    "read": false,
                    "retention_policy_days": 0,
                    "version": "1.0",
                    "write": false
                  }
                ],
                "minute_metrics": [
                  {
                    "enabled": false,
                    "include_apis": false,
                    "retention_policy_days": 0,
                    "version": "1.0"
                  }
                ]
              }
            ],
            "resource_group_name": "resource_group_tokio_olympics",
            "routing": [],
            "secondary_access_key": "+hLZ8AtiL1uAiXHT1QHyacTj3h9dDrqTPPzBgvk8kXK9duTrkaWzGOxL1n2r4UabA2MK13GIrWbq+AStIDObhQ==",
            "secondary_blob_connection_string": "",
            "secondary_blob_endpoint": null,
            "secondary_blob_host": null,
            "secondary_connection_string": "DefaultEndpointsProtocol=https;AccountName=tokioolympicsdatalab;AccountKey=+hLZ8AtiL1uAiXHT1QHyacTj3h9dDrqTPPzBgvk8kXK9duTrkaWzGOxL1n2r4UabA2MK13GIrWbq+AStIDObhQ==;EndpointSuffix=core.windows.net",
            "secondary_dfs_endpoint": null,
            "secondary_dfs_host": null,
            "secondary_file_endpoint": null,
            "secondary_file_host": null,
            "secondary_location": "",
            "secondary_queue_endpoint": null,
            "secondary_queue_host": null,
            "secondary_table_endpoint": null,
            "secondary_table_host": null,
            "secondary_web_endpoint": null,
            "secondary_web_host": null,
            "share_properties": [
              {
                "cors_rule": [],
                "retention_policy": [
                  {
                    "days": 7
                  }
                ],
                "smb": []
              }
            ],
            "shared_access_key_enabled": true,
            "static_website": [],
            "table_encryption_key_type": "Service",
            "tags": {
              "environment": "dev",
              "source": "Terraform"
            },
            "timeouts": null
          },
          "sensitive_attributes": [],
          "private": "eyJlMmJmYjczMC1lY2FhLTExZTYtOGY4OC0zNDM2M2JjN2M0YzAiOnsiY3JlYXRlIjozNjAwMDAwMDAwMDAwLCJkZWxldGUiOjM2MDAwMDAwMDAwMDAsInJlYWQiOjMwMDAwMDAwMDAwMCwidXBkYXRlIjozNjAwMDAwMDAwMDAwfSwic2NoZW1hX3ZlcnNpb24iOiIzIn0=",
          "dependencies": [
            "azurerm_resource_group.rg"
          ]
        }
      ]
    },
    {
      "mode": "managed",
      "type": "azurerm_storage_data_lake_gen2_filesystem",
      "name": "folder-container",
      "provider": "provider[\"registry.terraform.io/hashicorp/azurerm\"]",
      "instances": [
        {
          "schema_version": 0,
          "attributes": {
            "ace": [
              {
                "id": "",
                "permissions": "---",
                "scope": "access",
                "type": "other"
              },
              {
                "id": "",
                "permissions": "r-x",
                "scope": "access",
                "type": "group"
              },
              {
                "id": "",
                "permissions": "rwx",
                "scope": "access",
                "type": "user"
              }
            ],
            "group": "affe06a0-65fb-4c7f-8666-f2c3a45f8f46",
            "id": "https://tokioolympicsdatalab.dfs.core.windows.net/tokio-olympic-data",
            "name": "tokio-olympic-data",
            "owner": "affe06a0-65fb-4c7f-8666-f2c3a45f8f46",
            "properties": {},
            "storage_account_id": "/subscriptions/91bf0e9f-04d0-479e-9e0d-9cddc29c7d17/resourceGroups/resource_group_tokio_olympics/providers/Microsoft.Storage/storageAccounts/tokioolympicsdatalab",
            "timeouts": null
          },
          "sensitive_attributes": [],
          "private": "eyJlMmJmYjczMC1lY2FhLTExZTYtOGY4OC0zNDM2M2JjN2M0YzAiOnsiY3JlYXRlIjoxODAwMDAwMDAwMDAwLCJkZWxldGUiOjE4MDAwMDAwMDAwMDAsInJlYWQiOjMwMDAwMDAwMDAwMCwidXBkYXRlIjoxODAwMDAwMDAwMDAwfX0=",
          "dependencies": [
            "azurerm_resource_group.rg",
            "azurerm_storage_account.sa"
          ]
        }
      ]
    },
    {
      "mode": "managed",
      "type": "azurerm_storage_data_lake_gen2_path",
      "name": "folder-raw-data",
      "provider": "provider[\"registry.terraform.io/hashicorp/azurerm\"]",
      "instances": [
        {
          "schema_version": 0,
          "attributes": {
            "ace": [
              {
                "id": "",
                "permissions": "---",
                "scope": "access",
                "type": "other"
              },
              {
                "id": "",
                "permissions": "r-x",
                "scope": "access",
                "type": "group"
              },
              {
                "id": "",
                "permissions": "rwx",
                "scope": "access",
                "type": "user"
              }
            ],
            "filesystem_name": "tokio-olympic-data",
            "group": "affe06a0-65fb-4c7f-8666-f2c3a45f8f46",
            "id": "https://tokioolympicsdatalab.dfs.core.windows.net/tokio-olympic-data/raw-data",
            "owner": "affe06a0-65fb-4c7f-8666-f2c3a45f8f46",
            "path": "raw-data",
            "resource": "directory",
            "storage_account_id": "/subscriptions/91bf0e9f-04d0-479e-9e0d-9cddc29c7d17/resourceGroups/resource_group_tokio_olympics/providers/Microsoft.Storage/storageAccounts/tokioolympicsdatalab",
            "timeouts": null
          },
          "sensitive_attributes": [],
          "private": "eyJlMmJmYjczMC1lY2FhLTExZTYtOGY4OC0zNDM2M2JjN2M0YzAiOnsiY3JlYXRlIjoxODAwMDAwMDAwMDAwLCJkZWxldGUiOjE4MDAwMDAwMDAwMDAsInJlYWQiOjMwMDAwMDAwMDAwMCwidXBkYXRlIjoxODAwMDAwMDAwMDAwfX0=",
          "dependencies": [
            "azurerm_resource_group.rg",
            "azurerm_storage_account.sa",
            "azurerm_storage_data_lake_gen2_filesystem.folder-container"
          ]
        }
      ]
    },
    {
      "mode": "managed",
      "type": "azurerm_storage_data_lake_gen2_path",
      "name": "folder-transformed-data",
      "provider": "provider[\"registry.terraform.io/hashicorp/azurerm\"]",
      "instances": [
        {
          "schema_version": 0,
          "attributes": {
            "ace": [
              {
                "id": "",
                "permissions": "---",
                "scope": "access",
                "type": "other"
              },
              {
                "id": "",
                "permissions": "r-x",
                "scope": "access",
                "type": "group"
              },
              {
                "id": "",
                "permissions": "rwx",
                "scope": "access",
                "type": "user"
              }
            ],
            "filesystem_name": "tokio-olympic-data",
            "group": "affe06a0-65fb-4c7f-8666-f2c3a45f8f46",
            "id": "https://tokioolympicsdatalab.dfs.core.windows.net/tokio-olympic-data/transformed-data",
            "owner": "affe06a0-65fb-4c7f-8666-f2c3a45f8f46",
            "path": "transformed-data",
            "resource": "directory",
            "storage_account_id": "/subscriptions/91bf0e9f-04d0-479e-9e0d-9cddc29c7d17/resourceGroups/resource_group_tokio_olympics/providers/Microsoft.Storage/storageAccounts/tokioolympicsdatalab",
            "timeouts": null
          },
          "sensitive_attributes": [],
          "private": "eyJlMmJmYjczMC1lY2FhLTExZTYtOGY4OC0zNDM2M2JjN2M0YzAiOnsiY3JlYXRlIjoxODAwMDAwMDAwMDAwLCJkZWxldGUiOjE4MDAwMDAwMDAwMDAsInJlYWQiOjMwMDAwMDAwMDAwMCwidXBkYXRlIjoxODAwMDAwMDAwMDAwfX0=",
          "dependencies": [
            "azurerm_resource_group.rg",
            "azurerm_storage_account.sa",
            "azurerm_storage_data_lake_gen2_filesystem.folder-container"
          ]
        }
      ]
    }
  ],
  "check_results": null
}
